
Microsoft Visual Studio Solution File, Format Version 12.00
# Visual Studio Version 17
VisualStudioVersion = 17.7.34221.43
MinimumVisualStudioVersion = 10.0.40219.1
Project("{FAE04EC0-301F-11D3-BF4B-00C04F79EFBC}") = "BankDockerLogin", "BankDockerLogin\BankDockerLogin.csproj", "{5D68C113-387F-4267-8AD4-FDF99480BF36}"
EndProject
Project("{E53339B2-1760-4266-BCC7-CA923CBCF16C}") = "docker-compose", "docker-compose.dcproj", "{600BD630-F46B-4D4B-96CE-96FEBDE334F7}"
EndProject
Global
	GlobalSection(SolutionConfigurationPlatforms) = preSolution
		Debug|Any CPU = Debug|Any CPU
		Release|Any CPU = Release|Any CPU
	EndGlobalSection
	GlobalSection(ProjectConfigurationPlatforms) = postSolution
		{5D68C113-387F-4267-8AD4-FDF99480BF36}.Debug|Any CPU.ActiveCfg = Debug|Any CPU
		{5D68C113-387F-4267-8AD4-FDF99480BF36}.Debug|Any CPU.Build.0 = Debug|Any CPU
		{5D68C113-387F-4267-8AD4-FDF99480BF36}.Release|Any CPU.ActiveCfg = Release|Any CPU
		{5D68C113-387F-4267-8AD4-FDF99480BF36}.Release|Any CPU.Build.0 = Release|Any CPU
		{600BD630-F46B-4D4B-96CE-96FEBDE334F7}.Debug|Any CPU.ActiveCfg = Debug|Any CPU
		{600BD630-F46B-4D4B-96CE-96FEBDE334F7}.Debug|Any CPU.Build.0 = Debug|Any CPU
		{600BD630-F46B-4D4B-96CE-96FEBDE334F7}.Release|Any CPU.ActiveCfg = Release|Any CPU
		{600BD630-F46B-4D4B-96CE-96FEBDE334F7}.Release|Any CPU.Build.0 = Release|Any CPU
	EndGlobalSection
	GlobalSection(SolutionProperties) = preSolution
		HideSolutionNode = FALSE
	EndGlobalSection
	GlobalSection(ExtensibilityGlobals) = postSolution
		SolutionGuid = {4462C05E-DE75-4BB4-8FEF-59CB1703D2F7}
	EndGlobalSection
EndGlobal
